
Microsoft Visual Studio Solution File, Format Version 12.00
# Visual Studio Version 17
VisualStudioVersion = 17.7.34202.233
MinimumVisualStudioVersion = 10.0.40219.1
Project("{FAE04EC0-301F-11D3-BF4B-00C04F79EFBC}") = "StaffCommunity", "StaffCommunity.csproj", "{AECC889F-E4AB-48EB-9307-553B5B9D8C55}"
EndProject
Global
	GlobalSection(SolutionConfigurationPlatforms) = preSolution
		Debug|Any CPU = Debug|Any CPU
		Release|Any CPU = Release|Any CPU
	EndGlobalSection
	GlobalSection(ProjectConfigurationPlatforms) = postSolution
		{AECC889F-E4AB-48EB-9307-553B5B9D8C55}.Debug|Any CPU.ActiveCfg = Debug|Any CPU
		{AECC889F-E4AB-48EB-9307-553B5B9D8C55}.Debug|Any CPU.Build.0 = Debug|Any CPU
		{AECC889F-E4AB-48EB-9307-553B5B9D8C55}.Release|Any CPU.ActiveCfg = Release|Any CPU
		{AECC889F-E4AB-48EB-9307-553B5B9D8C55}.Release|Any CPU.Build.0 = Release|Any CPU
	EndGlobalSection
	GlobalSection(SolutionProperties) = preSolution
		HideSolutionNode = FALSE
	EndGlobalSection
	GlobalSection(ExtensibilityGlobals) = postSolution
		SolutionGuid = {9989B52E-C042-4414-900D-1021FF710E71}
	EndGlobalSection
EndGlobal
